{
  "name": "@andrewrlee/fail-on-outdated",
  "version": "0.0.9",
  "lockfileVersion": 1,
  "requires": true,
  "dependencies": {
    "@types/node": {
      "version": "14.14.2",
      "resolved": "https://registry.npmjs.org/@types/node/-/node-14.14.2.tgz",
      "integrity": "sha512-jeYJU2kl7hL9U5xuI/BhKPZ4vqGM/OmK6whiFAXVhlstzZhVamWhDSmHyGLIp+RVyuF9/d0dqr2P85aFj4BvJg==",
      "dev": true
    },
    "fail-on-outdated": {
      "version": "1.0.0",
      "resolved": "https://registry.npmjs.org/fail-on-outdated/-/fail-on-outdated-1.0.0.tgz",
      "integrity": "sha512-OFUJ6PcHXOvDvfz3phL+bgTzxZ3tLzt//tN1q4PbqtHmZtQrDvrNSh+IOuGFjNg3g8HvD/b0pHDGt505p+nXSw=="
    },
    "typescript": {
      "version": "4.0.3",
      "resolved": "https://registry.npmjs.org/typescript/-/typescript-4.0.3.tgz",
      "integrity": "sha512-tEu6DGxGgRJPb/mVPIZ48e69xCn2yRmCgYmDugAVwmJ6o+0u1RI18eO7E7WBTLYLaEVVOhwQmcdhQHweux/WPg==",
      "dev": true
    }
  }
}
